
Microsoft Visual Studio Solution File, Format Version 12.00
# Visual Studio 14
VisualStudioVersion = 14.0.25420.1
MinimumVisualStudioVersion = 10.0.40219.1
Project("{FAE04EC0-301F-11D3-BF4B-00C04F79EFBC}") = "SDRK.COPRODA", "SDRK.COPRODA\SDRK.COPRODA.csproj", "{C0006900-F531-4C9F-AB24-6DBF8E599F86}"
EndProject
Project("{FAE04EC0-301F-11D3-BF4B-00C04F79EFBC}") = "SDRK.COPRODA.Modelo", "SDRK.COPRODA.Modelo\SDRK.COPRODA.Modelo.csproj", "{8404743A-DE2C-48B5-807B-6F41DC3766C9}"
EndProject
Project("{FAE04EC0-301F-11D3-BF4B-00C04F79EFBC}") = "SDRK.COPRODA.Logica", "SDRK.COPRODA.Logica\SDRK.COPRODA.Logica.csproj", "{399E9818-68AF-4E9F-AFB5-2ADF0B1AFA6F}"
EndProject
Project("{FAE04EC0-301F-11D3-BF4B-00C04F79EFBC}") = "SDRK.COPRODA.Datos", "SDRK.COPRODA.Datos\SDRK.COPRODA.Datos.csproj", "{03EE39B0-0E94-4631-811F-9DC3B558D8C5}"
EndProject
Global
	GlobalSection(SolutionConfigurationPlatforms) = preSolution
		Debug|Any CPU = Debug|Any CPU
		Release|Any CPU = Release|Any CPU
	EndGlobalSection
	GlobalSection(ProjectConfigurationPlatforms) = postSolution
		{C0006900-F531-4C9F-AB24-6DBF8E599F86}.Debug|Any CPU.ActiveCfg = Debug|Any CPU
		{C0006900-F531-4C9F-AB24-6DBF8E599F86}.Debug|Any CPU.Build.0 = Debug|Any CPU
		{C0006900-F531-4C9F-AB24-6DBF8E599F86}.Release|Any CPU.ActiveCfg = Release|Any CPU
		{C0006900-F531-4C9F-AB24-6DBF8E599F86}.Release|Any CPU.Build.0 = Release|Any CPU
		{8404743A-DE2C-48B5-807B-6F41DC3766C9}.Debug|Any CPU.ActiveCfg = Debug|Any CPU
		{8404743A-DE2C-48B5-807B-6F41DC3766C9}.Debug|Any CPU.Build.0 = Debug|Any CPU
		{8404743A-DE2C-48B5-807B-6F41DC3766C9}.Release|Any CPU.ActiveCfg = Release|Any CPU
		{8404743A-DE2C-48B5-807B-6F41DC3766C9}.Release|Any CPU.Build.0 = Release|Any CPU
		{399E9818-68AF-4E9F-AFB5-2ADF0B1AFA6F}.Debug|Any CPU.ActiveCfg = Debug|Any CPU
		{399E9818-68AF-4E9F-AFB5-2ADF0B1AFA6F}.Debug|Any CPU.Build.0 = Debug|Any CPU
		{399E9818-68AF-4E9F-AFB5-2ADF0B1AFA6F}.Release|Any CPU.ActiveCfg = Release|Any CPU
		{399E9818-68AF-4E9F-AFB5-2ADF0B1AFA6F}.Release|Any CPU.Build.0 = Release|Any CPU
		{03EE39B0-0E94-4631-811F-9DC3B558D8C5}.Debug|Any CPU.ActiveCfg = Debug|Any CPU
		{03EE39B0-0E94-4631-811F-9DC3B558D8C5}.Debug|Any CPU.Build.0 = Debug|Any CPU
		{03EE39B0-0E94-4631-811F-9DC3B558D8C5}.Release|Any CPU.ActiveCfg = Release|Any CPU
		{03EE39B0-0E94-4631-811F-9DC3B558D8C5}.Release|Any CPU.Build.0 = Release|Any CPU
	EndGlobalSection
	GlobalSection(SolutionProperties) = preSolution
		HideSolutionNode = FALSE
	EndGlobalSection
EndGlobal
